
Microsoft Visual Studio Solution File, Format Version 12.00
# Visual Studio 14
VisualStudioVersion = 14.0.25420.1
MinimumVisualStudioVersion = 10.0.40219.1
Project("{FAE04EC0-301F-11D3-BF4B-00C04F79EFBC}") = "CGICodeJamA2018CHSS", "CGICodeJamA2018CHSS\CGICodeJamA2018CHSS.csproj", "{21DB4579-7C42-4385-AEAB-F449E40A7F91}"
EndProject
Project("{2150E333-8FDC-42A3-9474-1A3956D46DE8}") = "Solution Items", "Solution Items", "{AAC8AE09-2183-40A8-8965-334BD87E68DF}"
EndProject
Global
	GlobalSection(SolutionConfigurationPlatforms) = preSolution
		Debug|Any CPU = Debug|Any CPU
		Release|Any CPU = Release|Any CPU
	EndGlobalSection
	GlobalSection(ProjectConfigurationPlatforms) = postSolution
		{21DB4579-7C42-4385-AEAB-F449E40A7F91}.Debug|Any CPU.ActiveCfg = Debug|Any CPU
		{21DB4579-7C42-4385-AEAB-F449E40A7F91}.Debug|Any CPU.Build.0 = Debug|Any CPU
		{21DB4579-7C42-4385-AEAB-F449E40A7F91}.Release|Any CPU.ActiveCfg = Release|Any CPU
		{21DB4579-7C42-4385-AEAB-F449E40A7F91}.Release|Any CPU.Build.0 = Release|Any CPU
	EndGlobalSection
	GlobalSection(SolutionProperties) = preSolution
		HideSolutionNode = FALSE
	EndGlobalSection
	GlobalSection(ExtensibilityGlobals) = postSolution
		SolutionGuid = {D2BADDE6-CBFE-4BB4-9D68-8F9972E60F36}
	EndGlobalSection
EndGlobal
